
Microsoft Visual Studio Solution File, Format Version 12.00
# Visual Studio Version 17
VisualStudioVersion = 17.2.32519.379
MinimumVisualStudioVersion = 10.0.40219.1
Project("{FAE04EC0-301F-11D3-BF4B-00C04F79EFBC}") = "001_HW_SC", "001_HW_SC\001_HW_SC.csproj", "{5B397876-8DB0-4B5F-8DED-BF2FD2A9DE9B}"
EndProject
Global
	GlobalSection(SolutionConfigurationPlatforms) = preSolution
		Debug|Any CPU = Debug|Any CPU
		Release|Any CPU = Release|Any CPU
	EndGlobalSection
	GlobalSection(ProjectConfigurationPlatforms) = postSolution
		{5B397876-8DB0-4B5F-8DED-BF2FD2A9DE9B}.Debug|Any CPU.ActiveCfg = Debug|Any CPU
		{5B397876-8DB0-4B5F-8DED-BF2FD2A9DE9B}.Debug|Any CPU.Build.0 = Debug|Any CPU
		{5B397876-8DB0-4B5F-8DED-BF2FD2A9DE9B}.Release|Any CPU.ActiveCfg = Release|Any CPU
		{5B397876-8DB0-4B5F-8DED-BF2FD2A9DE9B}.Release|Any CPU.Build.0 = Release|Any CPU
	EndGlobalSection
	GlobalSection(SolutionProperties) = preSolution
		HideSolutionNode = FALSE
	EndGlobalSection
	GlobalSection(ExtensibilityGlobals) = postSolution
		SolutionGuid = {CA49713E-666E-44DC-93E1-C9552D027294}
	EndGlobalSection
EndGlobal
