
Microsoft Visual Studio Solution File, Format Version 12.00
# Visual Studio Version 17
VisualStudioVersion = 17.2.32519.379
MinimumVisualStudioVersion = 10.0.40219.1
Project("{FAE04EC0-301F-11D3-BF4B-00C04F79EFBC}") = "001_SC_Keyboard_input", "001_SC_Arrays\001_SC_Keyboard_input.csproj", "{9505CC33-83DF-4AD6-81B6-9A8395E462CD}"
EndProject
Project("{FAE04EC0-301F-11D3-BF4B-00C04F79EFBC}") = "002_SC_Reverse_Array", "002_SC_Arrays\002_SC_Reverse_Array.csproj", "{B6CA0DCC-1371-4B0D-BC3C-4649C19AB3C1}"
EndProject
Project("{FAE04EC0-301F-11D3-BF4B-00C04F79EFBC}") = "003_SC_Sum_of_even_numbers", "003_SC_Arrays\003_SC_Sum_of_even_numbers.csproj", "{0AF2F1FA-97A0-476A-A3BA-6330A58BE94F}"
EndProject
Project("{FAE04EC0-301F-11D3-BF4B-00C04F79EFBC}") = "004_SC_Min_value_of_array", "004_SC_Arrays\004_SC_Min_value_of_array.csproj", "{8DF21F0F-14AE-485C-A512-BFBE158808F8}"
EndProject
Global
	GlobalSection(SolutionConfigurationPlatforms) = preSolution
		Debug|Any CPU = Debug|Any CPU
		Release|Any CPU = Release|Any CPU
	EndGlobalSection
	GlobalSection(ProjectConfigurationPlatforms) = postSolution
		{9505CC33-83DF-4AD6-81B6-9A8395E462CD}.Debug|Any CPU.ActiveCfg = Debug|Any CPU
		{9505CC33-83DF-4AD6-81B6-9A8395E462CD}.Debug|Any CPU.Build.0 = Debug|Any CPU
		{9505CC33-83DF-4AD6-81B6-9A8395E462CD}.Release|Any CPU.ActiveCfg = Release|Any CPU
		{9505CC33-83DF-4AD6-81B6-9A8395E462CD}.Release|Any CPU.Build.0 = Release|Any CPU
		{B6CA0DCC-1371-4B0D-BC3C-4649C19AB3C1}.Debug|Any CPU.ActiveCfg = Debug|Any CPU
		{B6CA0DCC-1371-4B0D-BC3C-4649C19AB3C1}.Debug|Any CPU.Build.0 = Debug|Any CPU
		{B6CA0DCC-1371-4B0D-BC3C-4649C19AB3C1}.Release|Any CPU.ActiveCfg = Release|Any CPU
		{B6CA0DCC-1371-4B0D-BC3C-4649C19AB3C1}.Release|Any CPU.Build.0 = Release|Any CPU
		{0AF2F1FA-97A0-476A-A3BA-6330A58BE94F}.Debug|Any CPU.ActiveCfg = Debug|Any CPU
		{0AF2F1FA-97A0-476A-A3BA-6330A58BE94F}.Debug|Any CPU.Build.0 = Debug|Any CPU
		{0AF2F1FA-97A0-476A-A3BA-6330A58BE94F}.Release|Any CPU.ActiveCfg = Release|Any CPU
		{0AF2F1FA-97A0-476A-A3BA-6330A58BE94F}.Release|Any CPU.Build.0 = Release|Any CPU
		{8DF21F0F-14AE-485C-A512-BFBE158808F8}.Debug|Any CPU.ActiveCfg = Debug|Any CPU
		{8DF21F0F-14AE-485C-A512-BFBE158808F8}.Debug|Any CPU.Build.0 = Debug|Any CPU
		{8DF21F0F-14AE-485C-A512-BFBE158808F8}.Release|Any CPU.ActiveCfg = Release|Any CPU
		{8DF21F0F-14AE-485C-A512-BFBE158808F8}.Release|Any CPU.Build.0 = Release|Any CPU
	EndGlobalSection
	GlobalSection(SolutionProperties) = preSolution
		HideSolutionNode = FALSE
	EndGlobalSection
	GlobalSection(ExtensibilityGlobals) = postSolution
		SolutionGuid = {12A10B30-5EFB-447B-AD6B-43F5DB60CD17}
	EndGlobalSection
EndGlobal
